
Microsoft Visual Studio Solution File, Format Version 12.00
# Visual Studio Version 17
VisualStudioVersion = 17.0.32112.339
MinimumVisualStudioVersion = 10.0.40219.1
Project("{FAE04EC0-301F-11D3-BF4B-00C04F79EFBC}") = "EstudoDDDRestAPI", "EstudoDDDRestAPI\EstudoDDDRestAPI.csproj", "{B146ED6B-1F3C-4F87-996C-54981589FB0F}"
EndProject
Project("{2150E333-8FDC-42A3-9474-1A3956D46DE8}") = "1.0 - Presentation", "1.0 - Presentation", "{04817A3C-4A99-4F41-84F1-58E5B5848404}"
EndProject
Project("{2150E333-8FDC-42A3-9474-1A3956D46DE8}") = "2.0 - Application", "2.0 - Application", "{3E335206-5B78-4480-A341-FF6460E1F1B5}"
EndProject
Project("{2150E333-8FDC-42A3-9474-1A3956D46DE8}") = "3.0 - Domain", "3.0 - Domain", "{17DDC932-1877-4C47-B501-8EE7551B7A2D}"
EndProject
Project("{2150E333-8FDC-42A3-9474-1A3956D46DE8}") = "4.0 - Infrastructure", "4.0 - Infrastructure", "{4879B63D-57DB-43CC-A27E-F6A3B795A910}"
EndProject
Project("{FAE04EC0-301F-11D3-BF4B-00C04F79EFBC}") = "DDDWebAPI.Domain", "DDDWebAPI.Domain\DDDWebAPI.Domain.csproj", "{2CE71579-5787-4A54-B701-089C0DDC967F}"
EndProject
Project("{FAE04EC0-301F-11D3-BF4B-00C04F79EFBC}") = "DDDWebAPI.Domain.Core", "DDDWebAPI.Domain.Core\DDDWebAPI.Domain.Core.csproj", "{1DA743B6-A297-4E17-904D-2D96841E7D8F}"
EndProject
Project("{FAE04EC0-301F-11D3-BF4B-00C04F79EFBC}") = "DDDWebAPI.Domain.Services", "DDDWebAPI.Domain.Services\DDDWebAPI.Domain.Services.csproj", "{DD0D2AF5-229F-467A-9487-5D042E7D25B7}"
EndProject
Project("{FAE04EC0-301F-11D3-BF4B-00C04F79EFBC}") = "DDDWebAPI.Application", "DDDWebAPI.Application\DDDWebAPI.Application.csproj", "{1648D49B-EDA6-44D7-B714-4512397EF619}"
EndProject
Project("{FAE04EC0-301F-11D3-BF4B-00C04F79EFBC}") = "DDDWebAPI.Application.DTO", "DDDWebAPI.Application.DTO\DDDWebAPI.Application.DTO.csproj", "{DB4B6231-C701-4295-9E4C-FE8992B42225}"
EndProject
Project("{2150E333-8FDC-42A3-9474-1A3956D46DE8}") = "4.1 - Data", "4.1 - Data", "{3E625B35-98AD-4E09-9F6B-34B83B060C80}"
EndProject
Project("{FAE04EC0-301F-11D3-BF4B-00C04F79EFBC}") = "DDDWebAPI.Infrastructure.Data", "DDDWebAPI.Infrastructure.Data\DDDWebAPI.Infrastructure.Data.csproj", "{017DE4A7-EB9C-4E26-A784-593C188528DD}"
EndProject
Project("{FAE04EC0-301F-11D3-BF4B-00C04F79EFBC}") = "DDDWebAPI.Infrastructure.Repository", "DDDWebAPI.Infrastructure.Repository\DDDWebAPI.Infrastructure.Repository.csproj", "{214FB6EA-B244-4182-8BF3-C7DF30BAC7D0}"
EndProject
Project("{2150E333-8FDC-42A3-9474-1A3956D46DE8}") = "4.2 - CrossCutting", "4.2 - CrossCutting", "{2B1FB8F0-4A4F-4318-95C1-6B490D03AA8D}"
EndProject
Project("{FAE04EC0-301F-11D3-BF4B-00C04F79EFBC}") = "DDDWebAPI.Infrastruture.CrossCutting.Adapter", "DDDWebAPI.Infrastruture.CrossCutting.Adapter\DDDWebAPI.Infrastruture.CrossCutting.Adapter.csproj", "{DAB55A5B-7423-4A9E-B2BE-88AC622DBBB6}"
EndProject
Project("{FAE04EC0-301F-11D3-BF4B-00C04F79EFBC}") = "DDDWebAPI.Infrastruture.CrossCutting.IOC", "DDDWebAPI.Infrastruture.CrossCutting.IOC\DDDWebAPI.Infrastruture.CrossCutting.IOC.csproj", "{722F2366-2879-4007-976B-B16F30F766C6}"
EndProject
Global
	GlobalSection(SolutionConfigurationPlatforms) = preSolution
		Debug|Any CPU = Debug|Any CPU
		Release|Any CPU = Release|Any CPU
	EndGlobalSection
	GlobalSection(ProjectConfigurationPlatforms) = postSolution
		{B146ED6B-1F3C-4F87-996C-54981589FB0F}.Debug|Any CPU.ActiveCfg = Debug|Any CPU
		{B146ED6B-1F3C-4F87-996C-54981589FB0F}.Debug|Any CPU.Build.0 = Debug|Any CPU
		{B146ED6B-1F3C-4F87-996C-54981589FB0F}.Release|Any CPU.ActiveCfg = Release|Any CPU
		{B146ED6B-1F3C-4F87-996C-54981589FB0F}.Release|Any CPU.Build.0 = Release|Any CPU
		{2CE71579-5787-4A54-B701-089C0DDC967F}.Debug|Any CPU.ActiveCfg = Debug|Any CPU
		{2CE71579-5787-4A54-B701-089C0DDC967F}.Debug|Any CPU.Build.0 = Debug|Any CPU
		{2CE71579-5787-4A54-B701-089C0DDC967F}.Release|Any CPU.ActiveCfg = Release|Any CPU
		{2CE71579-5787-4A54-B701-089C0DDC967F}.Release|Any CPU.Build.0 = Release|Any CPU
		{1DA743B6-A297-4E17-904D-2D96841E7D8F}.Debug|Any CPU.ActiveCfg = Debug|Any CPU
		{1DA743B6-A297-4E17-904D-2D96841E7D8F}.Debug|Any CPU.Build.0 = Debug|Any CPU
		{1DA743B6-A297-4E17-904D-2D96841E7D8F}.Release|Any CPU.ActiveCfg = Release|Any CPU
		{1DA743B6-A297-4E17-904D-2D96841E7D8F}.Release|Any CPU.Build.0 = Release|Any CPU
		{DD0D2AF5-229F-467A-9487-5D042E7D25B7}.Debug|Any CPU.ActiveCfg = Debug|Any CPU
		{DD0D2AF5-229F-467A-9487-5D042E7D25B7}.Debug|Any CPU.Build.0 = Debug|Any CPU
		{DD0D2AF5-229F-467A-9487-5D042E7D25B7}.Release|Any CPU.ActiveCfg = Release|Any CPU
		{DD0D2AF5-229F-467A-9487-5D042E7D25B7}.Release|Any CPU.Build.0 = Release|Any CPU
		{1648D49B-EDA6-44D7-B714-4512397EF619}.Debug|Any CPU.ActiveCfg = Debug|Any CPU
		{1648D49B-EDA6-44D7-B714-4512397EF619}.Debug|Any CPU.Build.0 = Debug|Any CPU
		{1648D49B-EDA6-44D7-B714-4512397EF619}.Release|Any CPU.ActiveCfg = Release|Any CPU
		{1648D49B-EDA6-44D7-B714-4512397EF619}.Release|Any CPU.Build.0 = Release|Any CPU
		{DB4B6231-C701-4295-9E4C-FE8992B42225}.Debug|Any CPU.ActiveCfg = Debug|Any CPU
		{DB4B6231-C701-4295-9E4C-FE8992B42225}.Debug|Any CPU.Build.0 = Debug|Any CPU
		{DB4B6231-C701-4295-9E4C-FE8992B42225}.Release|Any CPU.ActiveCfg = Release|Any CPU
		{DB4B6231-C701-4295-9E4C-FE8992B42225}.Release|Any CPU.Build.0 = Release|Any CPU
		{017DE4A7-EB9C-4E26-A784-593C188528DD}.Debug|Any CPU.ActiveCfg = Debug|Any CPU
		{017DE4A7-EB9C-4E26-A784-593C188528DD}.Debug|Any CPU.Build.0 = Debug|Any CPU
		{017DE4A7-EB9C-4E26-A784-593C188528DD}.Release|Any CPU.ActiveCfg = Release|Any CPU
		{017DE4A7-EB9C-4E26-A784-593C188528DD}.Release|Any CPU.Build.0 = Release|Any CPU
		{214FB6EA-B244-4182-8BF3-C7DF30BAC7D0}.Debug|Any CPU.ActiveCfg = Debug|Any CPU
		{214FB6EA-B244-4182-8BF3-C7DF30BAC7D0}.Debug|Any CPU.Build.0 = Debug|Any CPU
		{214FB6EA-B244-4182-8BF3-C7DF30BAC7D0}.Release|Any CPU.ActiveCfg = Release|Any CPU
		{214FB6EA-B244-4182-8BF3-C7DF30BAC7D0}.Release|Any CPU.Build.0 = Release|Any CPU
		{DAB55A5B-7423-4A9E-B2BE-88AC622DBBB6}.Debug|Any CPU.ActiveCfg = Debug|Any CPU
		{DAB55A5B-7423-4A9E-B2BE-88AC622DBBB6}.Debug|Any CPU.Build.0 = Debug|Any CPU
		{DAB55A5B-7423-4A9E-B2BE-88AC622DBBB6}.Release|Any CPU.ActiveCfg = Release|Any CPU
		{DAB55A5B-7423-4A9E-B2BE-88AC622DBBB6}.Release|Any CPU.Build.0 = Release|Any CPU
		{722F2366-2879-4007-976B-B16F30F766C6}.Debug|Any CPU.ActiveCfg = Debug|Any CPU
		{722F2366-2879-4007-976B-B16F30F766C6}.Debug|Any CPU.Build.0 = Debug|Any CPU
		{722F2366-2879-4007-976B-B16F30F766C6}.Release|Any CPU.ActiveCfg = Release|Any CPU
		{722F2366-2879-4007-976B-B16F30F766C6}.Release|Any CPU.Build.0 = Release|Any CPU
	EndGlobalSection
	GlobalSection(SolutionProperties) = preSolution
		HideSolutionNode = FALSE
	EndGlobalSection
	GlobalSection(NestedProjects) = preSolution
		{B146ED6B-1F3C-4F87-996C-54981589FB0F} = {04817A3C-4A99-4F41-84F1-58E5B5848404}
		{2CE71579-5787-4A54-B701-089C0DDC967F} = {17DDC932-1877-4C47-B501-8EE7551B7A2D}
		{1DA743B6-A297-4E17-904D-2D96841E7D8F} = {17DDC932-1877-4C47-B501-8EE7551B7A2D}
		{DD0D2AF5-229F-467A-9487-5D042E7D25B7} = {17DDC932-1877-4C47-B501-8EE7551B7A2D}
		{1648D49B-EDA6-44D7-B714-4512397EF619} = {3E335206-5B78-4480-A341-FF6460E1F1B5}
		{DB4B6231-C701-4295-9E4C-FE8992B42225} = {3E335206-5B78-4480-A341-FF6460E1F1B5}
		{3E625B35-98AD-4E09-9F6B-34B83B060C80} = {4879B63D-57DB-43CC-A27E-F6A3B795A910}
		{017DE4A7-EB9C-4E26-A784-593C188528DD} = {3E625B35-98AD-4E09-9F6B-34B83B060C80}
		{214FB6EA-B244-4182-8BF3-C7DF30BAC7D0} = {3E625B35-98AD-4E09-9F6B-34B83B060C80}
		{2B1FB8F0-4A4F-4318-95C1-6B490D03AA8D} = {4879B63D-57DB-43CC-A27E-F6A3B795A910}
		{DAB55A5B-7423-4A9E-B2BE-88AC622DBBB6} = {2B1FB8F0-4A4F-4318-95C1-6B490D03AA8D}
		{722F2366-2879-4007-976B-B16F30F766C6} = {2B1FB8F0-4A4F-4318-95C1-6B490D03AA8D}
	EndGlobalSection
	GlobalSection(ExtensibilityGlobals) = postSolution
		SolutionGuid = {A3766937-FD69-46FF-AB82-2F1A89DEBF62}
	EndGlobalSection
EndGlobal
